{
    "name": "node-red-project",
    "version": "0.0.1",
    "lockfileVersion": 1,
    "requires": true,
    "dependencies": {
        "@hapi/address": {
            "version": "2.1.4",
            "resolved": "https://registry.npmjs.org/@hapi/address/-/address-2.1.4.tgz",
            "integrity": "sha512-QD1PhQk+s31P1ixsX0H0Suoupp3VMXzIVMSwobR3F3MSUO2YCV0B7xqLcUw/Bh8yuvd3LhpyqLQWTNcRmp6IdQ=="
        },
        "@hapi/formula": {
            "version": "1.2.0",
            "resolved": "https://registry.npmjs.org/@hapi/formula/-/formula-1.2.0.tgz",
            "integrity": "sha512-UFbtbGPjstz0eWHb+ga/GM3Z9EzqKXFWIbSOFURU0A/Gku0Bky4bCk9/h//K2Xr3IrCfjFNhMm4jyZ5dbCewGA=="
        },
        "@hapi/hoek": {
            "version": "8.5.0",
            "resolved": "https://registry.npmjs.org/@hapi/hoek/-/hoek-8.5.0.tgz",
            "integrity": "sha512-7XYT10CZfPsH7j9F1Jmg1+d0ezOux2oM2GfArAzLwWe4mE2Dr3hVjsAL6+TFY49RRJlCdJDMw3nJsLFroTc8Kw=="
        },
        "@hapi/joi": {
            "version": "16.1.7",
            "resolved": "https://registry.npmjs.org/@hapi/joi/-/joi-16.1.7.tgz",
            "integrity": "sha512-anaIgnZhNooG3LJLrTFzgGALTiO97zRA1UkvQHm9KxxoSiIzCozB3RCNCpDnfhTJD72QlrHA8nwGmNgpFFCIeg==",
            "requires": {
                "@hapi/address": "^2.1.2",
                "@hapi/formula": "^1.2.0",
                "@hapi/hoek": "^8.2.4",
                "@hapi/pinpoint": "^1.0.2",
                "@hapi/topo": "^3.1.3"
            }
        },
        "@hapi/pinpoint": {
            "version": "1.0.2",
            "resolved": "https://registry.npmjs.org/@hapi/pinpoint/-/pinpoint-1.0.2.tgz",
            "integrity": "sha512-dtXC/WkZBfC5vxscazuiJ6iq4j9oNx1SHknmIr8hofarpKUZKmlUVYVIhNVzIEgK5Wrc4GMHL5lZtt1uS2flmQ=="
        },
        "@hapi/topo": {
            "version": "3.1.6",
            "resolved": "https://registry.npmjs.org/@hapi/topo/-/topo-3.1.6.tgz",
            "integrity": "sha512-tAag0jEcjwH+P2quUfipd7liWCNX2F8NvYjQp2wtInsZxnMlypdw0FtAOLxtvvkO+GSRRbmNi8m/5y42PQJYCQ==",
            "requires": {
                "@hapi/hoek": "^8.3.0"
            }
        },
        "async-limiter": {
            "version": "1.0.1",
            "resolved": "https://registry.npmjs.org/async-limiter/-/async-limiter-1.0.1.tgz",
            "integrity": "sha512-csOlWGAcRFJaI6m+F2WKdnMKr4HhdhFVBk0H/QbJFMCr+uO2kwohwXQPxw/9OCxp05r5ghVBFSyioixx3gfkNQ=="
        },
        "axios": {
            "version": "0.19.0",
            "resolved": "https://registry.npmjs.org/axios/-/axios-0.19.0.tgz",
            "integrity": "sha512-1uvKqKQta3KBxIz14F2v06AEHZ/dIoeKfbTRkK1E5oqjDnuEerLmYTgJB5AiQZHJcljpg1TuRzdjDR06qNk0DQ==",
            "requires": {
                "follow-redirects": "1.5.10",
                "is-buffer": "^2.0.2"
            }
        },
        "brackets2dots": {
            "version": "1.1.0",
            "resolved": "https://registry.npmjs.org/brackets2dots/-/brackets2dots-1.1.0.tgz",
            "integrity": "sha1-Pz1AN1/GYM4P0AT6J9Z7NPlGmsM="
        },
        "curry2": {
            "version": "1.0.3",
            "resolved": "https://registry.npmjs.org/curry2/-/curry2-1.0.3.tgz",
            "integrity": "sha1-OBkdVfEGC/6kfKCACThbuHj2YS8=",
            "requires": {
                "fast-bind": "^1.0.0"
            }
        },
        "date-fns": {
            "version": "2.6.0",
            "resolved": "https://registry.npmjs.org/date-fns/-/date-fns-2.6.0.tgz",
            "integrity": "sha512-F55YxqRdEfP/eYQmQjLN798v0AwLjmZ8nMBjdQvNwEE3N/zWVrlkkqT+9seBlPlsbkybG4JmWg3Ee3dIV9BcGQ=="
        },
        "debug": {
            "version": "4.1.1",
            "resolved": "https://registry.npmjs.org/debug/-/debug-4.1.1.tgz",
            "integrity": "sha512-pYAIzeRo8J6KPEaJ0VWOh5Pzkbw/RetuzehGM7QRRX5he4fPHx2rdKMB256ehJCkX+XRQm16eZLqLNS8RSZXZw==",
            "requires": {
                "ms": "^2.1.1"
            },
            "dependencies": {
                "ms": {
                    "version": "2.1.2",
                    "resolved": "https://registry.npmjs.org/ms/-/ms-2.1.2.tgz",
                    "integrity": "sha512-sGkPx+VjMtmA6MX27oA4FBFELFCZZ4S4XqeGOXCv68tT+jb3vk/RyaKWP0PTKyWtmLSM0b+adUTEvbs1PEaH2w=="
                }
            }
        },
        "dotsplit.js": {
            "version": "1.1.0",
            "resolved": "https://registry.npmjs.org/dotsplit.js/-/dotsplit.js-1.1.0.tgz",
            "integrity": "sha1-JaI56r6SKpH/pdKhctbJ+4JFHgI="
        },
        "fast-bind": {
            "version": "1.0.0",
            "resolved": "https://registry.npmjs.org/fast-bind/-/fast-bind-1.0.0.tgz",
            "integrity": "sha1-f6llLLMyX1zR4lLWy08WDeGnbnU="
        },
        "flat": {
            "version": "5.0.0",
            "resolved": "https://registry.npmjs.org/flat/-/flat-5.0.0.tgz",
            "integrity": "sha512-6KSMM+cHHzXC/hpldXApL2S8Uz+QZv+tq5o/L0KQYleoG+GcwrnIJhTWC7tCOiKQp8D/fIvryINU1OZCCwevjA==",
            "requires": {
                "is-buffer": "~2.0.4"
            }
        },
        "follow-redirects": {
            "version": "1.5.10",
            "resolved": "https://registry.npmjs.org/follow-redirects/-/follow-redirects-1.5.10.tgz",
            "integrity": "sha512-0V5l4Cizzvqt5D44aTXbFZz+FtyXV1vrDN6qrelxtfYQKW0KO0W2T/hkE8xvGa/540LkZlkaUjO4ailYTFtHVQ==",
            "requires": {
                "debug": "=3.1.0"
            },
            "dependencies": {
                "debug": {
                    "version": "3.1.0",
                    "resolved": "https://registry.npmjs.org/debug/-/debug-3.1.0.tgz",
                    "integrity": "sha512-OX8XqP7/1a9cqkxYw2yXss15f26NKWBpDXQd0/uK/KPqdQhxbPa994hnzjcE2VqQpDslf55723cKPUOGSmMY3g==",
                    "requires": {
                        "ms": "2.0.0"
                    }
                }
            }
        },
        "graceful-fs": {
            "version": "4.2.3",
            "resolved": "https://registry.npmjs.org/graceful-fs/-/graceful-fs-4.2.3.tgz",
            "integrity": "sha512-a30VEBm4PEdx1dRB7MFK7BejejvCvBronbLjht+sHuGYj8PHs7M/5Z+rt5lw551vZ7yfTCj4Vuyy3mSJytDWRQ=="
        },
        "home-assistant-js-websocket": {
            "version": "4.4.0",
            "resolved": "https://registry.npmjs.org/home-assistant-js-websocket/-/home-assistant-js-websocket-4.4.0.tgz",
            "integrity": "sha512-B/7nDtlVv3Cz0PVteGjmpGI+Ksw+9Lf4VOM+dlMG1LErCH9uOJlLQV7vswx+7bzeGMuB9YeRDb64lqjoR0zpPg=="
        },
        "is-buffer": {
            "version": "2.0.4",
            "resolved": "https://registry.npmjs.org/is-buffer/-/is-buffer-2.0.4.tgz",
            "integrity": "sha512-Kq1rokWXOPXWuaMAqZiJW4XxsmD9zGx9q4aePabbn3qCRGedtH7Cm+zV8WETitMfu1wdh+Rvd6w5egwSngUX2A=="
        },
        "is-promise": {
            "version": "2.1.0",
            "resolved": "https://registry.npmjs.org/is-promise/-/is-promise-2.1.0.tgz",
            "integrity": "sha1-eaKp7OfwlugPNtKy87wWwf9L8/o="
        },
        "lodash": {
            "version": "4.17.15",
            "resolved": "https://registry.npmjs.org/lodash/-/lodash-4.17.15.tgz",
            "integrity": "sha512-8xOcRHvCjnocdS5cpwXQXVzmmh5e5+saE2QGoeQmbKmRS6J3VQppPOIt0MnmE+4xlZoumy0GPG0D0MVIQbNA1A=="
        },
        "lodash.merge": {
            "version": "4.6.2",
            "resolved": "https://registry.npmjs.org/lodash.merge/-/lodash.merge-4.6.2.tgz",
            "integrity": "sha512-0KpjqXRVvrYyCsX1swR/XTK0va6VQkQM6MNo7PqW77ByjAhoARA8EfrP1N4+KlKj8YS0ZUCtRT/YUuhyYDujIQ=="
        },
        "lodash.uniq": {
            "version": "4.5.0",
            "resolved": "https://registry.npmjs.org/lodash.uniq/-/lodash.uniq-4.5.0.tgz",
            "integrity": "sha1-0CJTc662Uq3BvILklFM5qEJ1R3M="
        },
        "lowdb": {
            "version": "1.0.0",
            "resolved": "https://registry.npmjs.org/lowdb/-/lowdb-1.0.0.tgz",
            "integrity": "sha512-2+x8esE/Wb9SQ1F9IHaYWfsC9FIecLOPrK4g17FGEayjUWH172H6nwicRovGvSE2CPZouc2MCIqCI7h9d+GftQ==",
            "requires": {
                "graceful-fs": "^4.1.3",
                "is-promise": "^2.1.0",
                "lodash": "4",
                "pify": "^3.0.0",
                "steno": "^0.4.1"
            }
        },
        "merge": {
            "version": "1.2.1",
            "resolved": "https://registry.npmjs.org/merge/-/merge-1.2.1.tgz",
            "integrity": "sha512-VjFo4P5Whtj4vsLzsYBu5ayHhoHJ0UqNm7ibvShmbmoz7tGi0vXaoJbGdB+GmDMLUdg8DpQXEIeVDAe8MaABvQ=="
        },
        "ms": {
            "version": "2.0.0",
            "resolved": "https://registry.npmjs.org/ms/-/ms-2.0.0.tgz",
            "integrity": "sha1-VgiurfwAvmwpAd9fmGF4jeDVl8g="
        },
        "mustache": {
            "version": "3.1.0",
            "resolved": "https://registry.npmjs.org/mustache/-/mustache-3.1.0.tgz",
            "integrity": "sha512-3Bxq1R5LBZp7fbFPZzFe5WN4s0q3+gxZaZuZVY+QctYJiCiVgXHOTIC0/HgZuOPFt/6BQcx5u0H2CUOxT/RoGQ=="
        },
        "node-red-contrib-home-assistant-websocket": {
            "version": "0.16.3",
            "resolved": "https://registry.npmjs.org/node-red-contrib-home-assistant-websocket/-/node-red-contrib-home-assistant-websocket-0.16.3.tgz",
            "integrity": "sha512-fH1LmHJX16VS+KZyOI/tp8zQUJnCGcy1SijiukwLmi2CgXqOi+/h1VFoTDsbWQMNwepb2OMfjlBjXcyMdbgRWw==",
            "requires": {
                "@hapi/joi": "16.1.7",
                "axios": "0.19.0",
                "date-fns": "2.6.0",
                "debug": "4.1.1",
                "flat": "5.0.0",
                "home-assistant-js-websocket": "4.4.0",
                "lodash.merge": "4.6.2",
                "lodash.uniq": "4.5.0",
                "lowdb": "1.0.0",
                "merge": "1.2.1",
                "mustache": "3.1.0",
                "p-iteration": "1.1.8",
                "selectn": "1.1.2",
                "time-ago": "0.2.1",
                "timestring": "6.0.0",
                "ws": "7.2.0"
            }
        },
        "p-iteration": {
            "version": "1.1.8",
            "resolved": "https://registry.npmjs.org/p-iteration/-/p-iteration-1.1.8.tgz",
            "integrity": "sha512-IMFBSDIYcPNnW7uWYGrBqmvTiq7W0uB0fJn6shQZs7dlF3OvrHOre+JT9ikSZ7gZS3vWqclVgoQSvToJrns7uQ=="
        },
        "pify": {
            "version": "3.0.0",
            "resolved": "https://registry.npmjs.org/pify/-/pify-3.0.0.tgz",
            "integrity": "sha1-5aSs0sEB/fPZpNB/DbxNtJ3SgXY="
        },
        "selectn": {
            "version": "1.1.2",
            "resolved": "https://registry.npmjs.org/selectn/-/selectn-1.1.2.tgz",
            "integrity": "sha1-/IrNkd8/RaywGJHGdzrlKYUdaxc=",
            "requires": {
                "brackets2dots": "^1.1.0",
                "curry2": "^1.0.0",
                "debug": "^2.5.2",
                "dotsplit.js": "^1.0.3"
            },
            "dependencies": {
                "debug": {
                    "version": "2.6.9",
                    "resolved": "https://registry.npmjs.org/debug/-/debug-2.6.9.tgz",
                    "integrity": "sha512-bC7ElrdJaJnPbAP+1EotYvqZsb3ecl5wi6Bfi6BJTUcNowp6cvspg0jXznRTKDjm/E7AdgFBVeAPVMNcKGsHMA==",
                    "requires": {
                        "ms": "2.0.0"
                    }
                }
            }
        },
        "steno": {
            "version": "0.4.4",
            "resolved": "https://registry.npmjs.org/steno/-/steno-0.4.4.tgz",
            "integrity": "sha1-BxEFvfwobmYVwEA8J+nXtdy4Vcs=",
            "requires": {
                "graceful-fs": "^4.1.3"
            }
        },
        "time-ago": {
            "version": "0.2.1",
            "resolved": "https://registry.npmjs.org/time-ago/-/time-ago-0.2.1.tgz",
            "integrity": "sha512-fQ3WQ5yPBoNefBgITR+kMnd5aWiKYhBNSgQH3FwpJgDCaVEmju7rWyP+Rk52KyQbRwQEnw3ox2yxcS4yMxgP+g=="
        },
        "timestring": {
            "version": "6.0.0",
            "resolved": "https://registry.npmjs.org/timestring/-/timestring-6.0.0.tgz",
            "integrity": "sha512-wMctrWD2HZZLuIlchlkE2dfXJh7J2KDI9Dwl+2abPYg0mswQHfOAyQW3jJg1pY5VfttSINZuKcXoB3FGypVklA=="
        },
        "ws": {
            "version": "7.2.0",
            "resolved": "https://registry.npmjs.org/ws/-/ws-7.2.0.tgz",
            "integrity": "sha512-+SqNqFbwTm/0DC18KYzIsMTnEWpLwJsiasW/O17la4iDRRIO9uaHbvKiAS3AHgTiuuWerK/brj4O6MYZkei9xg==",
            "requires": {
                "async-limiter": "^1.0.0"
            }
        }
    }
}
